
Microsoft Visual Studio Solution File, Format Version 12.00
# Visual Studio Version 16
VisualStudioVersion = 16.0.30406.217
MinimumVisualStudioVersion = 10.0.40219.1
Project("{FAE04EC0-301F-11D3-BF4B-00C04F79EFBC}") = "ProyectoFinal", "ProyectoFinal\ProyectoFinal.csproj", "{108B566F-8A4E-4A2C-B1B4-3697461E67A2}"
EndProject
Project("{FAE04EC0-301F-11D3-BF4B-00C04F79EFBC}") = "CData", "CData\CData.csproj", "{53F8D34D-4979-4670-8E79-78F169538E0D}"
EndProject
Project("{FAE04EC0-301F-11D3-BF4B-00C04F79EFBC}") = "CNegocio", "CNegocio\CNegocio.csproj", "{5B82DF59-B1E6-4ED0-A539-36F091E66B35}"
EndProject
Global
	GlobalSection(SolutionConfigurationPlatforms) = preSolution
		Debug|Any CPU = Debug|Any CPU
		Release|Any CPU = Release|Any CPU
	EndGlobalSection
	GlobalSection(ProjectConfigurationPlatforms) = postSolution
		{108B566F-8A4E-4A2C-B1B4-3697461E67A2}.Debug|Any CPU.ActiveCfg = Debug|Any CPU
		{108B566F-8A4E-4A2C-B1B4-3697461E67A2}.Debug|Any CPU.Build.0 = Debug|Any CPU
		{108B566F-8A4E-4A2C-B1B4-3697461E67A2}.Release|Any CPU.ActiveCfg = Release|Any CPU
		{108B566F-8A4E-4A2C-B1B4-3697461E67A2}.Release|Any CPU.Build.0 = Release|Any CPU
		{53F8D34D-4979-4670-8E79-78F169538E0D}.Debug|Any CPU.ActiveCfg = Debug|Any CPU
		{53F8D34D-4979-4670-8E79-78F169538E0D}.Debug|Any CPU.Build.0 = Debug|Any CPU
		{53F8D34D-4979-4670-8E79-78F169538E0D}.Release|Any CPU.ActiveCfg = Release|Any CPU
		{53F8D34D-4979-4670-8E79-78F169538E0D}.Release|Any CPU.Build.0 = Release|Any CPU
		{5B82DF59-B1E6-4ED0-A539-36F091E66B35}.Debug|Any CPU.ActiveCfg = Debug|Any CPU
		{5B82DF59-B1E6-4ED0-A539-36F091E66B35}.Debug|Any CPU.Build.0 = Debug|Any CPU
		{5B82DF59-B1E6-4ED0-A539-36F091E66B35}.Release|Any CPU.ActiveCfg = Release|Any CPU
		{5B82DF59-B1E6-4ED0-A539-36F091E66B35}.Release|Any CPU.Build.0 = Release|Any CPU
	EndGlobalSection
	GlobalSection(SolutionProperties) = preSolution
		HideSolutionNode = FALSE
	EndGlobalSection
	GlobalSection(ExtensibilityGlobals) = postSolution
		SolutionGuid = {51985199-5210-44DA-896F-5D816E241FDE}
	EndGlobalSection
EndGlobal
